{
  "name": "atelier-phamela-gourmet",
  "version": "1.0.0",
  "lockfileVersion": 3,
  "requires": true,
  "packages": {
    "": {
      "name": "atelier-phamela-gourmet",
      "version": "1.0.0",
      "license": "MIT",
      "dependencies": {
        "vercel-php": "^0.6.0"
      },
      "engines": {
        "node": ">=20.x"
      }
    },
    "node_modules/@libphp/amazon-linux-2-v82": {
      "version": "0.0.14",
      "resolved": "https://registry.npmjs.org/@libphp/amazon-linux-2-v82/-/amazon-linux-2-v82-0.0.14.tgz",
      "integrity": "sha512-uZrUAlwE/e+3lNaQmeMvhjSfbieAW5tO4XaCz5Te7LybI5KRodYtwXfJrgL/uHgtD9ShvtELi/G8k1qeQDnzXA==",
      "license": "MIT"
    },
    "node_modules/vercel-php": {
      "version": "0.6.2",
      "resolved": "https://registry.npmjs.org/vercel-php/-/vercel-php-0.6.2.tgz",
      "integrity": "sha512-b9I4G2XM0qpgTYH0YQLvRLnwE/CbR+cihhaoeTXwBQ5PKDf+bNgG6HvV1wbDtbdNPSv5C1hFPCx0M4wazRZmKg==",
      "license": "MIT",
      "dependencies": {
        "@libphp/amazon-linux-2-v82": "latest"
      }
    }
  }
}
